{
  "object": {
    "pins": [
      {
        "package": "SwiftFormat",
        "repositoryURL": "https://github.com/nicklockwood/SwiftFormat",
        "state": {
          "branch": null,
          "revision": "70f5cf51fed37f847556bb28d9d267675f337402",
          "version": "0.47.3"
        }
      },
      {
        "package": "SwiftPriorityQueue",
        "repositoryURL": "https://github.com/davecom/SwiftPriorityQueue",
        "state": {
          "branch": null,
          "revision": "5e7197be04a157f87dc80380c13d3e8dc65fbee5",
          "version": "1.3.1"
        }
      }
    ]
  },
  "version": 1
}
