// !$*UTF8*$!
{
	archiveVersion = 1;
	classes = {
	};
	objectVersion = 54;
	objects = {

/* Begin PBXBuildFile section */
		75092A542563B9E2008D2B31 /* GeneraGame in Frameworks */ = {isa = PBXBuildFile; productRef = 75092A532563B9E2008D2B31 /* GeneraGame */; };
		750F001525611E3700E166D4 /* SidePanelViewController.swift in Sources */ = {isa = PBXBuildFile; fileRef = 750FFFC825611E3600E166D4 /* SidePanelViewController.swift */; };
		750F001625611E3700E166D4 /* GeneraWindowController.swift in Sources */ = {isa = PBXBuildFile; fileRef = 750FFFC925611E3600E166D4 /* GeneraWindowController.swift */; };
		750F001725611E3700E166D4 /* Main.storyboard in Resources */ = {isa = PBXBuildFile; fileRef = 750FFFCB25611E3600E166D4 /* Main.storyboard */; };
		750F001925611E3700E166D4 /* GeneraMacOSAssets.xcassets in Resources */ = {isa = PBXBuildFile; fileRef = 750FFFCE25611E3600E166D4 /* GeneraMacOSAssets.xcassets */; };
		750F001C25611E3700E166D4 /* AppDelegate.swift in Sources */ = {isa = PBXBuildFile; fileRef = 750FFFD225611E3600E166D4 /* AppDelegate.swift */; };
		7511BE592566661A00EBAC9C /* DebugView.swift in Sources */ = {isa = PBXBuildFile; fileRef = 7511BE582566661A00EBAC9C /* DebugView.swift */; };
		751D56C8256268F0000B0326 /* SimplexNoise.metal in Sources */ = {isa = PBXBuildFile; fileRef = 751D56C2256268F0000B0326 /* SimplexNoise.metal */; };
		751D56C9256268F0000B0326 /* TerrainShaders.metal in Sources */ = {isa = PBXBuildFile; fileRef = 751D56C5256268F0000B0326 /* TerrainShaders.metal */; };
		751D56CA256268F0000B0326 /* Color.metal in Sources */ = {isa = PBXBuildFile; fileRef = 751D56C4256268F0000B0326 /* Color.metal */; };
		751D56CB256268F0000B0326 /* GridShaders.metal in Sources */ = {isa = PBXBuildFile; fileRef = 751D56C7256268F0000B0326 /* GridShaders.metal */; };
		75206A3B257737A7001D7B9B /* AppViewController.swift in Sources */ = {isa = PBXBuildFile; fileRef = 75206A3A257737A7001D7B9B /* AppViewController.swift */; };
		75A090D92577457F008D759F /* HideableTitlebarView.swift in Sources */ = {isa = PBXBuildFile; fileRef = 75A090D82577457F008D759F /* HideableTitlebarView.swift */; };
/* End PBXBuildFile section */

/* Begin PBXCopyFilesBuildPhase section */
		759CE2632561EDBC00EC37FC /* Embed Frameworks */ = {
			isa = PBXCopyFilesBuildPhase;
			buildActionMask = 2147483647;
			dstPath = "";
			dstSubfolderSpec = 10;
			files = (
			);
			name = "Embed Frameworks";
			runOnlyForDeploymentPostprocessing = 0;
		};
/* End PBXCopyFilesBuildPhase section */

/* Begin PBXFileReference section */
		75037994254A8538002A0C13 /* Genera.app */ = {isa = PBXFileReference; explicitFileType = wrapper.application; includeInIndex = 0; path = Genera.app; sourceTree = BUILT_PRODUCTS_DIR; };
		750FFFC825611E3600E166D4 /* SidePanelViewController.swift */ = {isa = PBXFileReference; fileEncoding = 4; lastKnownFileType = sourcecode.swift; path = SidePanelViewController.swift; sourceTree = "<group>"; };
		750FFFC925611E3600E166D4 /* GeneraWindowController.swift */ = {isa = PBXFileReference; fileEncoding = 4; lastKnownFileType = sourcecode.swift; path = GeneraWindowController.swift; sourceTree = "<group>"; };
		750FFFCA25611E3600E166D4 /* GeneraMacOS.entitlements */ = {isa = PBXFileReference; fileEncoding = 4; lastKnownFileType = text.plist.entitlements; path = GeneraMacOS.entitlements; sourceTree = "<group>"; };
		750FFFCC25611E3600E166D4 /* Base */ = {isa = PBXFileReference; lastKnownFileType = file.storyboard; name = Base; path = Base.lproj/Main.storyboard; sourceTree = "<group>"; };
		750FFFCD25611E3600E166D4 /* GeneraMacOSInfo.plist */ = {isa = PBXFileReference; fileEncoding = 4; lastKnownFileType = text.plist.xml; path = GeneraMacOSInfo.plist; sourceTree = "<group>"; };
		750FFFCE25611E3600E166D4 /* GeneraMacOSAssets.xcassets */ = {isa = PBXFileReference; lastKnownFileType = folder.assetcatalog; path = GeneraMacOSAssets.xcassets; sourceTree = "<group>"; };
		750FFFD225611E3600E166D4 /* AppDelegate.swift */ = {isa = PBXFileReference; fileEncoding = 4; lastKnownFileType = sourcecode.swift; path = AppDelegate.swift; sourceTree = "<group>"; };
		7511BE582566661A00EBAC9C /* DebugView.swift */ = {isa = PBXFileReference; lastKnownFileType = sourcecode.swift; path = DebugView.swift; sourceTree = "<group>"; };
		751D56C1256268F0000B0326 /* SimplexNoise.h */ = {isa = PBXFileReference; lastKnownFileType = sourcecode.c.h; path = SimplexNoise.h; sourceTree = "<group>"; };
		751D56C2256268F0000B0326 /* SimplexNoise.metal */ = {isa = PBXFileReference; lastKnownFileType = sourcecode.metal; path = SimplexNoise.metal; sourceTree = "<group>"; };
		751D56C3256268F0000B0326 /* Color.h */ = {isa = PBXFileReference; lastKnownFileType = sourcecode.c.h; path = Color.h; sourceTree = "<group>"; };
		751D56C4256268F0000B0326 /* Color.metal */ = {isa = PBXFileReference; lastKnownFileType = sourcecode.metal; path = Color.metal; sourceTree = "<group>"; };
		751D56C5256268F0000B0326 /* TerrainShaders.metal */ = {isa = PBXFileReference; lastKnownFileType = sourcecode.metal; path = TerrainShaders.metal; sourceTree = "<group>"; };
		751D56C7256268F0000B0326 /* GridShaders.metal */ = {isa = PBXFileReference; lastKnownFileType = sourcecode.metal; path = GridShaders.metal; sourceTree = "<group>"; };
		75206A3A257737A7001D7B9B /* AppViewController.swift */ = {isa = PBXFileReference; lastKnownFileType = sourcecode.swift; path = AppViewController.swift; sourceTree = "<group>"; };
		75A090D82577457F008D759F /* HideableTitlebarView.swift */ = {isa = PBXFileReference; lastKnownFileType = sourcecode.swift; path = HideableTitlebarView.swift; sourceTree = "<group>"; };
/* End PBXFileReference section */

/* Begin PBXFrameworksBuildPhase section */
		75037991254A8538002A0C13 /* Frameworks */ = {
			isa = PBXFrameworksBuildPhase;
			buildActionMask = 2147483647;
			files = (
				75092A542563B9E2008D2B31 /* GeneraGame in Frameworks */,
			);
			runOnlyForDeploymentPostprocessing = 0;
		};
/* End PBXFrameworksBuildPhase section */

/* Begin PBXGroup section */
		75037986254A8537002A0C13 = {
			isa = PBXGroup;
			children = (
				751D56A925625905000B0326 /* Shaders - Engine */,
				750FFFF125611E3600E166D4 /* Shaders - Game */,
				750FFFC625611E3600E166D4 /* MacOS */,
				75037995254A8538002A0C13 /* Products */,
				7586162E2561E51600B61C32 /* Frameworks */,
			);
			sourceTree = "<group>";
		};
		75037995254A8538002A0C13 /* Products */ = {
			isa = PBXGroup;
			children = (
				75037994254A8538002A0C13 /* Genera.app */,
			);
			name = Products;
			sourceTree = "<group>";
		};
		750FFFC625611E3600E166D4 /* MacOS */ = {
			isa = PBXGroup;
			children = (
				750FFFCE25611E3600E166D4 /* GeneraMacOSAssets.xcassets */,
				750FFFCD25611E3600E166D4 /* GeneraMacOSInfo.plist */,
				750FFFCA25611E3600E166D4 /* GeneraMacOS.entitlements */,
				750FFFCB25611E3600E166D4 /* Main.storyboard */,
				750FFFD225611E3600E166D4 /* AppDelegate.swift */,
				75206A3A257737A7001D7B9B /* AppViewController.swift */,
				75A090D82577457F008D759F /* HideableTitlebarView.swift */,
				750FFFC925611E3600E166D4 /* GeneraWindowController.swift */,
				750FFFC825611E3600E166D4 /* SidePanelViewController.swift */,
				7511BE582566661A00EBAC9C /* DebugView.swift */,
			);
			path = MacOS;
			sourceTree = "<group>";
		};
		750FFFF125611E3600E166D4 /* Shaders - Game */ = {
			isa = PBXGroup;
			children = (
				751D56C7256268F0000B0326 /* GridShaders.metal */,
				751D56C5256268F0000B0326 /* TerrainShaders.metal */,
			);
			path = "Shaders - Game";
			sourceTree = "<group>";
		};
		751D56A925625905000B0326 /* Shaders - Engine */ = {
			isa = PBXGroup;
			children = (
				751D56C3256268F0000B0326 /* Color.h */,
				751D56C1256268F0000B0326 /* SimplexNoise.h */,
				751D56C4256268F0000B0326 /* Color.metal */,
				751D56C2256268F0000B0326 /* SimplexNoise.metal */,
			);
			path = "Shaders - Engine";
			sourceTree = "<group>";
		};
		7586162E2561E51600B61C32 /* Frameworks */ = {
			isa = PBXGroup;
			children = (
			);
			name = Frameworks;
			sourceTree = "<group>";
		};
/* End PBXGroup section */

/* Begin PBXNativeTarget section */
		75037993254A8538002A0C13 /* Genera (macOS 11) */ = {
			isa = PBXNativeTarget;
			buildConfigurationList = 750379A6254A8538002A0C13 /* Build configuration list for PBXNativeTarget "Genera (macOS 11)" */;
			buildPhases = (
				75C066A02560C99F0019B4FB /* Run SwiftFormat */,
				75037990254A8538002A0C13 /* Sources */,
				75037991254A8538002A0C13 /* Frameworks */,
				75037992254A8538002A0C13 /* Resources */,
				759CE2632561EDBC00EC37FC /* Embed Frameworks */,
			);
			buildRules = (
			);
			dependencies = (
			);
			name = "Genera (macOS 11)";
			packageProductDependencies = (
				75092A532563B9E2008D2B31 /* GeneraGame */,
			);
			productName = "Land macOS";
			productReference = 75037994254A8538002A0C13 /* Genera.app */;
			productType = "com.apple.product-type.application";
		};
/* End PBXNativeTarget section */

/* Begin PBXProject section */
		75037987254A8537002A0C13 /* Project object */ = {
			isa = PBXProject;
			attributes = {
				LastSwiftUpdateCheck = 1210;
				LastUpgradeCheck = 1220;
				ORGANIZATIONNAME = "Dylan Gattey";
				TargetAttributes = {
					75037993254A8538002A0C13 = {
						CreatedOnToolsVersion = 12.1;
					};
				};
			};
			buildConfigurationList = 7503798A254A8537002A0C13 /* Build configuration list for PBXProject "Genera" */;
			compatibilityVersion = "Xcode 12.0";
			developmentRegion = en;
			hasScannedForEncodings = 0;
			knownRegions = (
				en,
				Base,
			);
			mainGroup = 75037986254A8537002A0C13;
			packageReferences = (
				757DF61C254F687F005723D5 /* XCRemoteSwiftPackageReference "SwiftPriorityQueue" */,
			);
			productRefGroup = 75037995254A8538002A0C13 /* Products */;
			projectDirPath = "";
			projectRoot = "";
			targets = (
				75037993254A8538002A0C13 /* Genera (macOS 11) */,
			);
		};
/* End PBXProject section */

/* Begin PBXResourcesBuildPhase section */
		75037992254A8538002A0C13 /* Resources */ = {
			isa = PBXResourcesBuildPhase;
			buildActionMask = 2147483647;
			files = (
				750F001725611E3700E166D4 /* Main.storyboard in Resources */,
				750F001925611E3700E166D4 /* GeneraMacOSAssets.xcassets in Resources */,
			);
			runOnlyForDeploymentPostprocessing = 0;
		};
/* End PBXResourcesBuildPhase section */

/* Begin PBXShellScriptBuildPhase section */
		75C066A02560C99F0019B4FB /* Run SwiftFormat */ = {
			isa = PBXShellScriptBuildPhase;
			alwaysOutOfDate = 1;
			buildActionMask = 2147483647;
			files = (
			);
			inputFileListPaths = (
			);
			inputPaths = (
			);
			name = "Run SwiftFormat";
			outputFileListPaths = (
			);
			outputPaths = (
			);
			runOnlyForDeploymentPostprocessing = 0;
			shellPath = /bin/zsh;
			shellScript = "# Formats Swift files\n${SRCROOT}/../BuildTools/format-swift.zsh\n";
		};
/* End PBXShellScriptBuildPhase section */

/* Begin PBXSourcesBuildPhase section */
		75037990254A8538002A0C13 /* Sources */ = {
			isa = PBXSourcesBuildPhase;
			buildActionMask = 2147483647;
			files = (
				751D56CA256268F0000B0326 /* Color.metal in Sources */,
				751D56CB256268F0000B0326 /* GridShaders.metal in Sources */,
				75206A3B257737A7001D7B9B /* AppViewController.swift in Sources */,
				75A090D92577457F008D759F /* HideableTitlebarView.swift in Sources */,
				750F001525611E3700E166D4 /* SidePanelViewController.swift in Sources */,
				750F001625611E3700E166D4 /* GeneraWindowController.swift in Sources */,
				7511BE592566661A00EBAC9C /* DebugView.swift in Sources */,
				751D56C9256268F0000B0326 /* TerrainShaders.metal in Sources */,
				751D56C8256268F0000B0326 /* SimplexNoise.metal in Sources */,
				750F001C25611E3700E166D4 /* AppDelegate.swift in Sources */,
			);
			runOnlyForDeploymentPostprocessing = 0;
		};
/* End PBXSourcesBuildPhase section */

/* Begin PBXVariantGroup section */
		750FFFCB25611E3600E166D4 /* Main.storyboard */ = {
			isa = PBXVariantGroup;
			children = (
				750FFFCC25611E3600E166D4 /* Base */,
			);
			name = Main.storyboard;
			sourceTree = "<group>";
		};
/* End PBXVariantGroup section */

/* Begin XCBuildConfiguration section */
		750379A4254A8538002A0C13 /* Debug */ = {
			isa = XCBuildConfiguration;
			buildSettings = {
				ALWAYS_SEARCH_USER_PATHS = NO;
				CLANG_ANALYZER_NONNULL = YES;
				CLANG_ANALYZER_NUMBER_OBJECT_CONVERSION = YES_AGGRESSIVE;
				CLANG_CXX_LANGUAGE_STANDARD = "gnu++14";
				CLANG_CXX_LIBRARY = "libc++";
				CLANG_ENABLE_MODULES = YES;
				CLANG_ENABLE_OBJC_ARC = YES;
				CLANG_ENABLE_OBJC_WEAK = YES;
				CLANG_WARN_BLOCK_CAPTURE_AUTORELEASING = YES;
				CLANG_WARN_BOOL_CONVERSION = YES;
				CLANG_WARN_COMMA = YES;
				CLANG_WARN_CONSTANT_CONVERSION = YES;
				CLANG_WARN_DEPRECATED_OBJC_IMPLEMENTATIONS = YES;
				CLANG_WARN_DIRECT_OBJC_ISA_USAGE = YES_ERROR;
				CLANG_WARN_DOCUMENTATION_COMMENTS = YES;
				CLANG_WARN_EMPTY_BODY = YES;
				CLANG_WARN_ENUM_CONVERSION = YES;
				CLANG_WARN_INFINITE_RECURSION = YES;
				CLANG_WARN_INT_CONVERSION = YES;
				CLANG_WARN_NON_LITERAL_NULL_CONVERSION = YES;
				CLANG_WARN_OBJC_IMPLICIT_RETAIN_SELF = YES;
				CLANG_WARN_OBJC_LITERAL_CONVERSION = YES;
				CLANG_WARN_OBJC_ROOT_CLASS = YES_ERROR;
				CLANG_WARN_QUOTED_INCLUDE_IN_FRAMEWORK_HEADER = YES;
				CLANG_WARN_RANGE_LOOP_ANALYSIS = YES;
				CLANG_WARN_STRICT_PROTOTYPES = YES;
				CLANG_WARN_SUSPICIOUS_MOVE = YES;
				CLANG_WARN_UNGUARDED_AVAILABILITY = YES_AGGRESSIVE;
				CLANG_WARN_UNREACHABLE_CODE = YES;
				CLANG_WARN__DUPLICATE_METHOD_MATCH = YES;
				COPY_PHASE_STRIP = NO;
				DEBUG_INFORMATION_FORMAT = dwarf;
				ENABLE_STRICT_OBJC_MSGSEND = YES;
				ENABLE_TESTABILITY = YES;
				GCC_C_LANGUAGE_STANDARD = gnu11;
				GCC_DYNAMIC_NO_PIC = NO;
				GCC_NO_COMMON_BLOCKS = YES;
				GCC_OPTIMIZATION_LEVEL = 0;
				GCC_PREPROCESSOR_DEFINITIONS = (
					"DEBUG=1",
					"$(inherited)",
				);
				GCC_WARN_64_TO_32_BIT_CONVERSION = YES;
				GCC_WARN_ABOUT_RETURN_TYPE = YES_ERROR;
				GCC_WARN_UNDECLARED_SELECTOR = YES;
				GCC_WARN_UNINITIALIZED_AUTOS = YES_AGGRESSIVE;
				GCC_WARN_UNUSED_FUNCTION = YES;
				GCC_WARN_UNUSED_VARIABLE = YES;
				MTL_ENABLE_DEBUG_INFO = INCLUDE_SOURCE;
				MTL_ENABLE_MODULES = YES;
				MTL_FAST_MATH = YES;
				ONLY_ACTIVE_ARCH = YES;
				SWIFT_ACTIVE_COMPILATION_CONDITIONS = DEBUG;
				SWIFT_OPTIMIZATION_LEVEL = "-Onone";
			};
			name = Debug;
		};
		750379A5254A8538002A0C13 /* Release */ = {
			isa = XCBuildConfiguration;
			buildSettings = {
				ALWAYS_SEARCH_USER_PATHS = NO;
				CLANG_ANALYZER_NONNULL = YES;
				CLANG_ANALYZER_NUMBER_OBJECT_CONVERSION = YES_AGGRESSIVE;
				CLANG_CXX_LANGUAGE_STANDARD = "gnu++14";
				CLANG_CXX_LIBRARY = "libc++";
				CLANG_ENABLE_MODULES = YES;
				CLANG_ENABLE_OBJC_ARC = YES;
				CLANG_ENABLE_OBJC_WEAK = YES;
				CLANG_WARN_BLOCK_CAPTURE_AUTORELEASING = YES;
				CLANG_WARN_BOOL_CONVERSION = YES;
				CLANG_WARN_COMMA = YES;
				CLANG_WARN_CONSTANT_CONVERSION = YES;
				CLANG_WARN_DEPRECATED_OBJC_IMPLEMENTATIONS = YES;
				CLANG_WARN_DIRECT_OBJC_ISA_USAGE = YES_ERROR;
				CLANG_WARN_DOCUMENTATION_COMMENTS = YES;
				CLANG_WARN_EMPTY_BODY = YES;
				CLANG_WARN_ENUM_CONVERSION = YES;
				CLANG_WARN_INFINITE_RECURSION = YES;
				CLANG_WARN_INT_CONVERSION = YES;
				CLANG_WARN_NON_LITERAL_NULL_CONVERSION = YES;
				CLANG_WARN_OBJC_IMPLICIT_RETAIN_SELF = YES;
				CLANG_WARN_OBJC_LITERAL_CONVERSION = YES;
				CLANG_WARN_OBJC_ROOT_CLASS = YES_ERROR;
				CLANG_WARN_QUOTED_INCLUDE_IN_FRAMEWORK_HEADER = YES;
				CLANG_WARN_RANGE_LOOP_ANALYSIS = YES;
				CLANG_WARN_STRICT_PROTOTYPES = YES;
				CLANG_WARN_SUSPICIOUS_MOVE = YES;
				CLANG_WARN_UNGUARDED_AVAILABILITY = YES_AGGRESSIVE;
				CLANG_WARN_UNREACHABLE_CODE = YES;
				CLANG_WARN__DUPLICATE_METHOD_MATCH = YES;
				COPY_PHASE_STRIP = NO;
				DEBUG_INFORMATION_FORMAT = "dwarf-with-dsym";
				ENABLE_NS_ASSERTIONS = NO;
				ENABLE_STRICT_OBJC_MSGSEND = YES;
				GCC_C_LANGUAGE_STANDARD = gnu11;
				GCC_NO_COMMON_BLOCKS = YES;
				GCC_WARN_64_TO_32_BIT_CONVERSION = YES;
				GCC_WARN_ABOUT_RETURN_TYPE = YES_ERROR;
				GCC_WARN_UNDECLARED_SELECTOR = YES;
				GCC_WARN_UNINITIALIZED_AUTOS = YES_AGGRESSIVE;
				GCC_WARN_UNUSED_FUNCTION = YES;
				GCC_WARN_UNUSED_VARIABLE = YES;
				MTL_ENABLE_DEBUG_INFO = NO;
				MTL_ENABLE_MODULES = YES;
				MTL_FAST_MATH = YES;
				SWIFT_COMPILATION_MODE = wholemodule;
				SWIFT_OPTIMIZATION_LEVEL = "-O";
			};
			name = Release;
		};
		750379A7254A8538002A0C13 /* Debug */ = {
			isa = XCBuildConfiguration;
			buildSettings = {
				ASSETCATALOG_COMPILER_APPICON_NAME = AppIcon;
				ASSETCATALOG_COMPILER_GLOBAL_ACCENT_COLOR_NAME = AccentColor;
				CODE_SIGN_ENTITLEMENTS = MacOS/GeneraMacOS.entitlements;
				CODE_SIGN_IDENTITY = "-";
				CODE_SIGN_STYLE = Manual;
				COMBINE_HIDPI_IMAGES = YES;
				DEFINES_MODULE = YES;
				DEVELOPMENT_TEAM = "";
				ENABLE_HARDENED_RUNTIME = YES;
				HEADER_SEARCH_PATHS = "$PROJECT_DIR/**";
				INFOPLIST_FILE = MacOS/GeneraMacOSInfo.plist;
				MACOSX_DEPLOYMENT_TARGET = 11.0;
				MTL_ENABLE_INDEX_STORE = YES;
				MTL_HEADER_SEARCH_PATHS = "$PROJECT_DIR/**";
				PRODUCT_BUNDLE_IDENTIFIER = me.dgattey.Genera;
				PRODUCT_NAME = Genera;
				PROVISIONING_PROFILE_SPECIFIER = "";
				SDKROOT = macosx;
				SWIFT_INCLUDE_PATHS = "";
				SWIFT_VERSION = 5.0;
				VERSIONING_SYSTEM = "apple-generic";
			};
			name = Debug;
		};
		750379A8254A8538002A0C13 /* Release */ = {
			isa = XCBuildConfiguration;
			buildSettings = {
				ASSETCATALOG_COMPILER_APPICON_NAME = AppIcon;
				ASSETCATALOG_COMPILER_GLOBAL_ACCENT_COLOR_NAME = AccentColor;
				CODE_SIGN_ENTITLEMENTS = MacOS/GeneraMacOS.entitlements;
				CODE_SIGN_IDENTITY = "-";
				CODE_SIGN_STYLE = Manual;
				COMBINE_HIDPI_IMAGES = YES;
				DEFINES_MODULE = YES;
				DEVELOPMENT_TEAM = "";
				ENABLE_HARDENED_RUNTIME = YES;
				HEADER_SEARCH_PATHS = "$PROJECT_DIR/**";
				INFOPLIST_FILE = MacOS/GeneraMacOSInfo.plist;
				MACOSX_DEPLOYMENT_TARGET = 11.0;
				MTL_ENABLE_INDEX_STORE = YES;
				MTL_HEADER_SEARCH_PATHS = "$PROJECT_DIR/**";
				PRODUCT_BUNDLE_IDENTIFIER = me.dgattey.Genera;
				PRODUCT_NAME = Genera;
				PROVISIONING_PROFILE_SPECIFIER = "";
				SDKROOT = macosx;
				SWIFT_INCLUDE_PATHS = "";
				SWIFT_VERSION = 5.0;
				VERSIONING_SYSTEM = "apple-generic";
			};
			name = Release;
		};
/* End XCBuildConfiguration section */

/* Begin XCConfigurationList section */
		7503798A254A8537002A0C13 /* Build configuration list for PBXProject "Genera" */ = {
			isa = XCConfigurationList;
			buildConfigurations = (
				750379A4254A8538002A0C13 /* Debug */,
				750379A5254A8538002A0C13 /* Release */,
			);
			defaultConfigurationIsVisible = 0;
			defaultConfigurationName = Release;
		};
		750379A6254A8538002A0C13 /* Build configuration list for PBXNativeTarget "Genera (macOS 11)" */ = {
			isa = XCConfigurationList;
			buildConfigurations = (
				750379A7254A8538002A0C13 /* Debug */,
				750379A8254A8538002A0C13 /* Release */,
			);
			defaultConfigurationIsVisible = 0;
			defaultConfigurationName = Release;
		};
/* End XCConfigurationList section */

/* Begin XCRemoteSwiftPackageReference section */
		757DF61C254F687F005723D5 /* XCRemoteSwiftPackageReference "SwiftPriorityQueue" */ = {
			isa = XCRemoteSwiftPackageReference;
			repositoryURL = "https://github.com/davecom/SwiftPriorityQueue";
			requirement = {
				kind = upToNextMajorVersion;
				minimumVersion = 1.3.1;
			};
		};
/* End XCRemoteSwiftPackageReference section */

/* Begin XCSwiftPackageProductDependency section */
		75092A532563B9E2008D2B31 /* GeneraGame */ = {
			isa = XCSwiftPackageProductDependency;
			productName = GeneraGame;
		};
/* End XCSwiftPackageProductDependency section */
	};
	rootObject = 75037987254A8537002A0C13 /* Project object */;
}
