// !$*UTF8*$!
{
	archiveVersion = 1;
	classes = {
	};
	objectVersion = 52;
	objects = {

/* Begin PBXBuildFile section */
		750348D225589A750057D6A9 /* ConfigView.swift in Sources */ = {isa = PBXBuildFile; fileRef = 750348D125589A750057D6A9 /* ConfigView.swift */; };
		750348D52558A05F0057D6A9 /* GameControllerDelegate.swift in Sources */ = {isa = PBXBuildFile; fileRef = 750348D42558A05F0057D6A9 /* GameControllerDelegate.swift */; };
		750379A0254A8538002A0C13 /* GridShaders.metal in Sources */ = {isa = PBXBuildFile; fileRef = 7503798C254A8537002A0C13 /* GridShaders.metal */; };
		750379A1254A8538002A0C13 /* MapRenderer.swift in Sources */ = {isa = PBXBuildFile; fileRef = 7503798D254A8537002A0C13 /* MapRenderer.swift */; };
		750379A2254A8538002A0C13 /* SharedTypes.h in Resources */ = {isa = PBXBuildFile; fileRef = 7503798E254A8537002A0C13 /* SharedTypes.h */; };
		750379A3254A8538002A0C13 /* Assets.xcassets in Resources */ = {isa = PBXBuildFile; fileRef = 7503798F254A8538002A0C13 /* Assets.xcassets */; };
		750F62C8255560C5004C9370 /* ConfigUpdateDelegate.swift in Sources */ = {isa = PBXBuildFile; fileRef = 750F62C7255560C5004C9370 /* ConfigUpdateDelegate.swift */; };
		750F62D125577005004C9370 /* EditableValuesStackView.swift in Sources */ = {isa = PBXBuildFile; fileRef = 750F62D025577005004C9370 /* EditableValuesStackView.swift */; };
		750F62D525577289004C9370 /* EditableFBMConfigValues.swift in Sources */ = {isa = PBXBuildFile; fileRef = 750F62D425577289004C9370 /* EditableFBMConfigValues.swift */; };
		7528BCFD255472B4008038A3 /* TerrainConfigView.swift in Sources */ = {isa = PBXBuildFile; fileRef = 7528BCFC255472B4008038A3 /* TerrainConfigView.swift */; };
		7528BD09255489D4008038A3 /* LabeledView.swift in Sources */ = {isa = PBXBuildFile; fileRef = 7528BD08255489D4008038A3 /* LabeledView.swift */; };
		7528BD0C25549013008038A3 /* SidePanelViewController.swift in Sources */ = {isa = PBXBuildFile; fileRef = 7528BD0B25549013008038A3 /* SidePanelViewController.swift */; };
		7528BD0F2554E033008038A3 /* ScrollableStackView.swift in Sources */ = {isa = PBXBuildFile; fileRef = 7528BD0E2554E033008038A3 /* ScrollableStackView.swift */; };
		7528BD282554F119008038A3 /* GameViewController.swift in Sources */ = {isa = PBXBuildFile; fileRef = 7528BD272554F119008038A3 /* GameViewController.swift */; };
		7528BD3A25551036008038A3 /* SimplexNoise.metal in Sources */ = {isa = PBXBuildFile; fileRef = 7528BD3925551036008038A3 /* SimplexNoise.metal */; };
		7528BD41255512A1008038A3 /* Biome+Defaults.swift in Sources */ = {isa = PBXBuildFile; fileRef = 7528BD40255512A1008038A3 /* Biome+Defaults.swift */; };
		7528BD44255514E0008038A3 /* BiomeType+Swift.swift in Sources */ = {isa = PBXBuildFile; fileRef = 7528BD43255514E0008038A3 /* BiomeType+Swift.swift */; };
		7528BD4925551D58008038A3 /* DefaultTerrainData.swift in Sources */ = {isa = PBXBuildFile; fileRef = 7528BD4825551D58008038A3 /* DefaultTerrainData.swift */; };
		7528BD4D255522F3008038A3 /* EditableConfigValue.swift in Sources */ = {isa = PBXBuildFile; fileRef = 7528BD4C255522F3008038A3 /* EditableConfigValue.swift */; };
		757DF61E254F687F005723D5 /* SwiftPriorityQueue in Frameworks */ = {isa = PBXBuildFile; productRef = 757DF61D254F687F005723D5 /* SwiftPriorityQueue */; };
		757DF621254F90CB005723D5 /* DebugView.swift in Sources */ = {isa = PBXBuildFile; fileRef = 757DF620254F90CB005723D5 /* DebugView.swift */; };
		757DF626254FA0FF005723D5 /* DebugDelegate.swift in Sources */ = {isa = PBXBuildFile; fileRef = 757DF625254FA0FF005723D5 /* DebugDelegate.swift */; };
		757E14EA255151F50036AEB5 /* Color.metal in Sources */ = {isa = PBXBuildFile; fileRef = 757E14E9255151F50036AEB5 /* Color.metal */; };
		757E151225525B750036AEB5 /* VertexProtocol.swift in Sources */ = {isa = PBXBuildFile; fileRef = 757E151125525B750036AEB5 /* VertexProtocol.swift */; };
		757E152025528C5E0036AEB5 /* ChunkDataProtocol.swift in Sources */ = {isa = PBXBuildFile; fileRef = 757E151F25528C5E0036AEB5 /* ChunkDataProtocol.swift */; };
		757E152C2552A6EC0036AEB5 /* DatedChunk.swift in Sources */ = {isa = PBXBuildFile; fileRef = 757E152B2552A6EC0036AEB5 /* DatedChunk.swift */; };
		757E152F2552A7040036AEB5 /* CountedChunk.swift in Sources */ = {isa = PBXBuildFile; fileRef = 757E152E2552A7040036AEB5 /* CountedChunk.swift */; };
		757E15322552A7350036AEB5 /* GridTileChunkDataProvider.swift in Sources */ = {isa = PBXBuildFile; fileRef = 757E15312552A7350036AEB5 /* GridTileChunkDataProvider.swift */; };
		757E15392552AD1A0036AEB5 /* ViewportCoordinatorDelegate.swift in Sources */ = {isa = PBXBuildFile; fileRef = 757E15382552AD1A0036AEB5 /* ViewportCoordinatorDelegate.swift */; };
		757E154D2552C0130036AEB5 /* TerrainChunkDataProvider.swift in Sources */ = {isa = PBXBuildFile; fileRef = 757E154C2552C0130036AEB5 /* TerrainChunkDataProvider.swift */; };
		757E1550255331290036AEB5 /* TerrainTile.swift in Sources */ = {isa = PBXBuildFile; fileRef = 757E154F255331290036AEB5 /* TerrainTile.swift */; };
		759E000A254E16FC004CF89F /* VectoredDirection.swift in Sources */ = {isa = PBXBuildFile; fileRef = 759E0009254E16FC004CF89F /* VectoredDirection.swift */; };
		759EFFFC254DE361004CF89F /* InteractableViewProtocol.swift in Sources */ = {isa = PBXBuildFile; fileRef = 759EFFFB254DE361004CF89F /* InteractableViewProtocol.swift */; };
		75B2B74C254B68FB00351DC8 /* Main.storyboard in Resources */ = {isa = PBXBuildFile; fileRef = 75B2B747254B68FB00351DC8 /* Main.storyboard */; };
		75B2B74D254B68FB00351DC8 /* AppDelegate.swift in Sources */ = {isa = PBXBuildFile; fileRef = 75B2B749254B68FB00351DC8 /* AppDelegate.swift */; };
		75B2B764254B71AD00351DC8 /* ChunkCoordinator.swift in Sources */ = {isa = PBXBuildFile; fileRef = 75B2B763254B71AC00351DC8 /* ChunkCoordinator.swift */; };
		75B90871254B747400231E39 /* ViewportCoordinator.swift in Sources */ = {isa = PBXBuildFile; fileRef = 75B90870254B747400231E39 /* ViewportCoordinator.swift */; };
		75B90875254B796A00231E39 /* GridTile.swift in Sources */ = {isa = PBXBuildFile; fileRef = 75B90874254B796A00231E39 /* GridTile.swift */; };
		75C4B4B0254FE57F00F36372 /* Logger.swift in Sources */ = {isa = PBXBuildFile; fileRef = 75C4B4AF254FE57F00F36372 /* Logger.swift */; };
		75C4B4B62550062600F36372 /* TerrainShaders.metal in Sources */ = {isa = PBXBuildFile; fileRef = 75C4B4B52550062600F36372 /* TerrainShaders.metal */; };
		75D897AC25552C1A00EEDC00 /* ShaderConfigDataProtocol.swift in Sources */ = {isa = PBXBuildFile; fileRef = 75D897AB25552C1A00EEDC00 /* ShaderConfigDataProtocol.swift */; };
		75D897B025552E8500EEDC00 /* ShaderDataProvider.swift in Sources */ = {isa = PBXBuildFile; fileRef = 75D897AF25552E8500EEDC00 /* ShaderDataProvider.swift */; };
		75FA6D31254BF07A00A1B409 /* ChunkCoordinatorDelegate.swift in Sources */ = {isa = PBXBuildFile; fileRef = 75FA6D30254BF07A00A1B409 /* ChunkCoordinatorDelegate.swift */; };
		75FA6D34254BF37400A1B409 /* Chunk.swift in Sources */ = {isa = PBXBuildFile; fileRef = 75FA6D33254BF37400A1B409 /* Chunk.swift */; };
		75FA6D37254BF80D00A1B409 /* ChunkDataProvider.swift in Sources */ = {isa = PBXBuildFile; fileRef = 75FA6D36254BF80D00A1B409 /* ChunkDataProvider.swift */; };
		75FA6D3D254C06C600A1B409 /* InteractableMTKView.swift in Sources */ = {isa = PBXBuildFile; fileRef = 75FA6D3C254C06C600A1B409 /* InteractableMTKView.swift */; };
		75FA6D40254C098500A1B409 /* UserInteractionDelegate.swift in Sources */ = {isa = PBXBuildFile; fileRef = 75FA6D3F254C098500A1B409 /* UserInteractionDelegate.swift */; };
		75FA6D44254C09F200A1B409 /* Direction.swift in Sources */ = {isa = PBXBuildFile; fileRef = 75FA6D43254C09F200A1B409 /* Direction.swift */; };
		75FA6D50254C91CE00A1B409 /* ViewportDataProvider.swift in Sources */ = {isa = PBXBuildFile; fileRef = 75FA6D4F254C91CE00A1B409 /* ViewportDataProvider.swift */; };
		75FA6D60254CE2A300A1B409 /* GameCoordinator.swift in Sources */ = {isa = PBXBuildFile; fileRef = 75FA6D5F254CE2A300A1B409 /* GameCoordinator.swift */; };
		75FA6D80254D3D7200A1B409 /* ZoomDirection.swift in Sources */ = {isa = PBXBuildFile; fileRef = 75FA6D7F254D3D7200A1B409 /* ZoomDirection.swift */; };
		75FC2F91254FBA14008ABB3C /* GeneraWindowController.swift in Sources */ = {isa = PBXBuildFile; fileRef = 75FC2F90254FBA14008ABB3C /* GeneraWindowController.swift */; };
/* End PBXBuildFile section */

/* Begin PBXFileReference section */
		750348D125589A750057D6A9 /* ConfigView.swift */ = {isa = PBXFileReference; lastKnownFileType = sourcecode.swift; path = ConfigView.swift; sourceTree = "<group>"; };
		750348D42558A05F0057D6A9 /* GameControllerDelegate.swift */ = {isa = PBXFileReference; lastKnownFileType = sourcecode.swift; path = GameControllerDelegate.swift; sourceTree = "<group>"; };
		7503798C254A8537002A0C13 /* GridShaders.metal */ = {isa = PBXFileReference; lastKnownFileType = sourcecode.metal; path = GridShaders.metal; sourceTree = "<group>"; };
		7503798D254A8537002A0C13 /* MapRenderer.swift */ = {isa = PBXFileReference; lastKnownFileType = sourcecode.swift; path = MapRenderer.swift; sourceTree = "<group>"; };
		7503798E254A8537002A0C13 /* SharedTypes.h */ = {isa = PBXFileReference; lastKnownFileType = sourcecode.c.h; path = SharedTypes.h; sourceTree = "<group>"; };
		7503798F254A8538002A0C13 /* Assets.xcassets */ = {isa = PBXFileReference; lastKnownFileType = folder.assetcatalog; path = Assets.xcassets; sourceTree = "<group>"; };
		75037994254A8538002A0C13 /* Genera.app */ = {isa = PBXFileReference; explicitFileType = wrapper.application; includeInIndex = 0; path = Genera.app; sourceTree = BUILT_PRODUCTS_DIR; };
		750F62C7255560C5004C9370 /* ConfigUpdateDelegate.swift */ = {isa = PBXFileReference; lastKnownFileType = sourcecode.swift; path = ConfigUpdateDelegate.swift; sourceTree = "<group>"; };
		750F62D025577005004C9370 /* EditableValuesStackView.swift */ = {isa = PBXFileReference; fileEncoding = 4; lastKnownFileType = sourcecode.swift; path = EditableValuesStackView.swift; sourceTree = "<group>"; };
		750F62D425577289004C9370 /* EditableFBMConfigValues.swift */ = {isa = PBXFileReference; lastKnownFileType = sourcecode.swift; path = EditableFBMConfigValues.swift; sourceTree = "<group>"; };
		7528BCFC255472B4008038A3 /* TerrainConfigView.swift */ = {isa = PBXFileReference; lastKnownFileType = sourcecode.swift; path = TerrainConfigView.swift; sourceTree = "<group>"; };
		7528BD08255489D4008038A3 /* LabeledView.swift */ = {isa = PBXFileReference; lastKnownFileType = sourcecode.swift; path = LabeledView.swift; sourceTree = "<group>"; };
		7528BD0B25549013008038A3 /* SidePanelViewController.swift */ = {isa = PBXFileReference; lastKnownFileType = sourcecode.swift; path = SidePanelViewController.swift; sourceTree = "<group>"; };
		7528BD0E2554E033008038A3 /* ScrollableStackView.swift */ = {isa = PBXFileReference; lastKnownFileType = sourcecode.swift; path = ScrollableStackView.swift; sourceTree = "<group>"; };
		7528BD272554F119008038A3 /* GameViewController.swift */ = {isa = PBXFileReference; fileEncoding = 4; lastKnownFileType = sourcecode.swift; path = GameViewController.swift; sourceTree = "<group>"; };
		7528BD3625550F3B008038A3 /* NSEnum.h */ = {isa = PBXFileReference; lastKnownFileType = sourcecode.c.h; path = NSEnum.h; sourceTree = "<group>"; };
		7528BD382555102B008038A3 /* SimplexNoise.h */ = {isa = PBXFileReference; fileEncoding = 4; lastKnownFileType = sourcecode.c.h; path = SimplexNoise.h; sourceTree = "<group>"; };
		7528BD3925551036008038A3 /* SimplexNoise.metal */ = {isa = PBXFileReference; fileEncoding = 4; lastKnownFileType = sourcecode.metal; path = SimplexNoise.metal; sourceTree = "<group>"; };
		7528BD40255512A1008038A3 /* Biome+Defaults.swift */ = {isa = PBXFileReference; lastKnownFileType = sourcecode.swift; path = "Biome+Defaults.swift"; sourceTree = "<group>"; };
		7528BD43255514E0008038A3 /* BiomeType+Swift.swift */ = {isa = PBXFileReference; lastKnownFileType = sourcecode.swift; path = "BiomeType+Swift.swift"; sourceTree = "<group>"; };
		7528BD462555162E008038A3 /* BiomeType.h */ = {isa = PBXFileReference; lastKnownFileType = sourcecode.c.h; path = BiomeType.h; sourceTree = "<group>"; };
		7528BD4825551D58008038A3 /* DefaultTerrainData.swift */ = {isa = PBXFileReference; lastKnownFileType = sourcecode.swift; path = DefaultTerrainData.swift; sourceTree = "<group>"; };
		7528BD4C255522F3008038A3 /* EditableConfigValue.swift */ = {isa = PBXFileReference; lastKnownFileType = sourcecode.swift; path = EditableConfigValue.swift; sourceTree = "<group>"; };
		757DF620254F90CB005723D5 /* DebugView.swift */ = {isa = PBXFileReference; lastKnownFileType = sourcecode.swift; path = DebugView.swift; sourceTree = "<group>"; };
		757DF625254FA0FF005723D5 /* DebugDelegate.swift */ = {isa = PBXFileReference; lastKnownFileType = sourcecode.swift; path = DebugDelegate.swift; sourceTree = "<group>"; };
		757E14E9255151F50036AEB5 /* Color.metal */ = {isa = PBXFileReference; fileEncoding = 4; lastKnownFileType = sourcecode.metal; path = Color.metal; sourceTree = "<group>"; };
		757E14EC2551525D0036AEB5 /* Color.h */ = {isa = PBXFileReference; lastKnownFileType = sourcecode.c.h; path = Color.h; sourceTree = "<group>"; };
		757E14FF25523B0D0036AEB5 /* TerrainShaderTypes.h */ = {isa = PBXFileReference; lastKnownFileType = sourcecode.c.h; path = TerrainShaderTypes.h; sourceTree = "<group>"; };
		757E150025523B210036AEB5 /* GridShaderTypes.h */ = {isa = PBXFileReference; lastKnownFileType = sourcecode.c.h; path = GridShaderTypes.h; sourceTree = "<group>"; };
		757E151125525B750036AEB5 /* VertexProtocol.swift */ = {isa = PBXFileReference; lastKnownFileType = sourcecode.swift; path = VertexProtocol.swift; sourceTree = "<group>"; };
		757E151F25528C5E0036AEB5 /* ChunkDataProtocol.swift */ = {isa = PBXFileReference; lastKnownFileType = sourcecode.swift; path = ChunkDataProtocol.swift; sourceTree = "<group>"; };
		757E152B2552A6EC0036AEB5 /* DatedChunk.swift */ = {isa = PBXFileReference; fileEncoding = 4; lastKnownFileType = sourcecode.swift; path = DatedChunk.swift; sourceTree = "<group>"; };
		757E152E2552A7040036AEB5 /* CountedChunk.swift */ = {isa = PBXFileReference; fileEncoding = 4; lastKnownFileType = sourcecode.swift; path = CountedChunk.swift; sourceTree = "<group>"; };
		757E15312552A7350036AEB5 /* GridTileChunkDataProvider.swift */ = {isa = PBXFileReference; lastKnownFileType = sourcecode.swift; path = GridTileChunkDataProvider.swift; sourceTree = "<group>"; };
		757E15382552AD1A0036AEB5 /* ViewportCoordinatorDelegate.swift */ = {isa = PBXFileReference; fileEncoding = 4; lastKnownFileType = sourcecode.swift; path = ViewportCoordinatorDelegate.swift; sourceTree = "<group>"; };
		757E154C2552C0130036AEB5 /* TerrainChunkDataProvider.swift */ = {isa = PBXFileReference; lastKnownFileType = sourcecode.swift; path = TerrainChunkDataProvider.swift; sourceTree = "<group>"; };
		757E154F255331290036AEB5 /* TerrainTile.swift */ = {isa = PBXFileReference; fileEncoding = 4; lastKnownFileType = sourcecode.swift; path = TerrainTile.swift; sourceTree = "<group>"; };
		757E15562553C1650036AEB5 /* ShaderIndex.h */ = {isa = PBXFileReference; lastKnownFileType = sourcecode.c.h; path = ShaderIndex.h; sourceTree = "<group>"; };
		757E15572553C1890036AEB5 /* Biome.h */ = {isa = PBXFileReference; lastKnownFileType = sourcecode.c.h; path = Biome.h; sourceTree = "<group>"; };
		759E0009254E16FC004CF89F /* VectoredDirection.swift */ = {isa = PBXFileReference; lastKnownFileType = sourcecode.swift; path = VectoredDirection.swift; sourceTree = "<group>"; };
		759EFFFB254DE361004CF89F /* InteractableViewProtocol.swift */ = {isa = PBXFileReference; lastKnownFileType = sourcecode.swift; path = InteractableViewProtocol.swift; sourceTree = "<group>"; };
		75B2B745254B68FB00351DC8 /* GeneraMacOS.entitlements */ = {isa = PBXFileReference; fileEncoding = 4; lastKnownFileType = text.plist.entitlements; path = GeneraMacOS.entitlements; sourceTree = "<group>"; };
		75B2B748254B68FB00351DC8 /* Base */ = {isa = PBXFileReference; lastKnownFileType = file.storyboard; name = Base; path = Base.lproj/Main.storyboard; sourceTree = "<group>"; };
		75B2B749254B68FB00351DC8 /* AppDelegate.swift */ = {isa = PBXFileReference; fileEncoding = 4; lastKnownFileType = sourcecode.swift; path = AppDelegate.swift; sourceTree = "<group>"; };
		75B2B74A254B68FB00351DC8 /* Info.plist */ = {isa = PBXFileReference; fileEncoding = 4; lastKnownFileType = text.plist.xml; path = Info.plist; sourceTree = "<group>"; };
		75B2B763254B71AC00351DC8 /* ChunkCoordinator.swift */ = {isa = PBXFileReference; lastKnownFileType = sourcecode.swift; path = ChunkCoordinator.swift; sourceTree = "<group>"; };
		75B90870254B747400231E39 /* ViewportCoordinator.swift */ = {isa = PBXFileReference; lastKnownFileType = sourcecode.swift; path = ViewportCoordinator.swift; sourceTree = "<group>"; };
		75B90874254B796A00231E39 /* GridTile.swift */ = {isa = PBXFileReference; lastKnownFileType = sourcecode.swift; path = GridTile.swift; sourceTree = "<group>"; };
		75C4B4AF254FE57F00F36372 /* Logger.swift */ = {isa = PBXFileReference; lastKnownFileType = sourcecode.swift; path = Logger.swift; sourceTree = "<group>"; };
		75C4B4B52550062600F36372 /* TerrainShaders.metal */ = {isa = PBXFileReference; fileEncoding = 4; lastKnownFileType = sourcecode.metal; path = TerrainShaders.metal; sourceTree = "<group>"; };
		75D897A72555283700EEDC00 /* TerrainShaderConfigData.h */ = {isa = PBXFileReference; lastKnownFileType = sourcecode.c.h; path = TerrainShaderConfigData.h; sourceTree = "<group>"; };
		75D897AB25552C1A00EEDC00 /* ShaderConfigDataProtocol.swift */ = {isa = PBXFileReference; lastKnownFileType = sourcecode.swift; path = ShaderConfigDataProtocol.swift; sourceTree = "<group>"; };
		75D897AF25552E8500EEDC00 /* ShaderDataProvider.swift */ = {isa = PBXFileReference; fileEncoding = 4; lastKnownFileType = sourcecode.swift; path = ShaderDataProvider.swift; sourceTree = "<group>"; };
		75FA6D30254BF07A00A1B409 /* ChunkCoordinatorDelegate.swift */ = {isa = PBXFileReference; lastKnownFileType = sourcecode.swift; path = ChunkCoordinatorDelegate.swift; sourceTree = "<group>"; };
		75FA6D33254BF37400A1B409 /* Chunk.swift */ = {isa = PBXFileReference; lastKnownFileType = sourcecode.swift; path = Chunk.swift; sourceTree = "<group>"; };
		75FA6D36254BF80D00A1B409 /* ChunkDataProvider.swift */ = {isa = PBXFileReference; lastKnownFileType = sourcecode.swift; path = ChunkDataProvider.swift; sourceTree = "<group>"; };
		75FA6D3C254C06C600A1B409 /* InteractableMTKView.swift */ = {isa = PBXFileReference; lastKnownFileType = sourcecode.swift; path = InteractableMTKView.swift; sourceTree = "<group>"; };
		75FA6D3F254C098500A1B409 /* UserInteractionDelegate.swift */ = {isa = PBXFileReference; lastKnownFileType = sourcecode.swift; path = UserInteractionDelegate.swift; sourceTree = "<group>"; };
		75FA6D43254C09F200A1B409 /* Direction.swift */ = {isa = PBXFileReference; lastKnownFileType = sourcecode.swift; path = Direction.swift; sourceTree = "<group>"; };
		75FA6D4F254C91CE00A1B409 /* ViewportDataProvider.swift */ = {isa = PBXFileReference; lastKnownFileType = sourcecode.swift; path = ViewportDataProvider.swift; sourceTree = "<group>"; };
		75FA6D5F254CE2A300A1B409 /* GameCoordinator.swift */ = {isa = PBXFileReference; lastKnownFileType = sourcecode.swift; path = GameCoordinator.swift; sourceTree = "<group>"; };
		75FA6D7F254D3D7200A1B409 /* ZoomDirection.swift */ = {isa = PBXFileReference; fileEncoding = 4; lastKnownFileType = sourcecode.swift; path = ZoomDirection.swift; sourceTree = "<group>"; };
		75FC2F90254FBA14008ABB3C /* GeneraWindowController.swift */ = {isa = PBXFileReference; lastKnownFileType = sourcecode.swift; path = GeneraWindowController.swift; sourceTree = "<group>"; };
/* End PBXFileReference section */

/* Begin PBXFrameworksBuildPhase section */
		75037991254A8538002A0C13 /* Frameworks */ = {
			isa = PBXFrameworksBuildPhase;
			buildActionMask = 2147483647;
			files = (
				757DF61E254F687F005723D5 /* SwiftPriorityQueue in Frameworks */,
			);
			runOnlyForDeploymentPostprocessing = 0;
		};
/* End PBXFrameworksBuildPhase section */

/* Begin PBXGroup section */
		75037986254A8537002A0C13 = {
			isa = PBXGroup;
			children = (
				75B2B744254B68FB00351DC8 /* macOS */,
				7503798B254A8537002A0C13 /* metal */,
				75FA6D5E254CE20300A1B409 /* game */,
				75C4B4AE254FE56600F36372 /* utility */,
				75B2B75A254B6F6E00351DC8 /* config */,
				75037995254A8538002A0C13 /* Products */,
			);
			sourceTree = "<group>";
		};
		7503798B254A8537002A0C13 /* metal */ = {
			isa = PBXGroup;
			children = (
				7528BD3625550F3B008038A3 /* NSEnum.h */,
				757E15562553C1650036AEB5 /* ShaderIndex.h */,
				7503798E254A8537002A0C13 /* SharedTypes.h */,
				7528BD2E25550B06008038A3 /* util */,
				7528BD252554EEBF008038A3 /* terrain */,
				7528BD242554EEB6008038A3 /* grid */,
			);
			path = metal;
			sourceTree = "<group>";
		};
		75037995254A8538002A0C13 /* Products */ = {
			isa = PBXGroup;
			children = (
				75037994254A8538002A0C13 /* Genera.app */,
			);
			name = Products;
			sourceTree = "<group>";
		};
		7528BD122554E865008038A3 /* controllers */ = {
			isa = PBXGroup;
			children = (
				75FC2F90254FBA14008ABB3C /* GeneraWindowController.swift */,
				7528BD272554F119008038A3 /* GameViewController.swift */,
				7528BD0B25549013008038A3 /* SidePanelViewController.swift */,
			);
			path = controllers;
			sourceTree = "<group>";
		};
		7528BD152554E87C008038A3 /* views */ = {
			isa = PBXGroup;
			children = (
				757DF620254F90CB005723D5 /* DebugView.swift */,
				7528BCFC255472B4008038A3 /* TerrainConfigView.swift */,
				759EFFFB254DE361004CF89F /* InteractableViewProtocol.swift */,
				75FA6D3C254C06C600A1B409 /* InteractableMTKView.swift */,
				7528BD08255489D4008038A3 /* LabeledView.swift */,
				7528BD0E2554E033008038A3 /* ScrollableStackView.swift */,
			);
			path = views;
			sourceTree = "<group>";
		};
		7528BD232554EE9B008038A3 /* terrainGen */ = {
			isa = PBXGroup;
			children = (
				757E154F255331290036AEB5 /* TerrainTile.swift */,
				757E154C2552C0130036AEB5 /* TerrainChunkDataProvider.swift */,
			);
			path = terrainGen;
			sourceTree = "<group>";
		};
		7528BD242554EEB6008038A3 /* grid */ = {
			isa = PBXGroup;
			children = (
				757E150025523B210036AEB5 /* GridShaderTypes.h */,
				7503798C254A8537002A0C13 /* GridShaders.metal */,
			);
			path = grid;
			sourceTree = "<group>";
		};
		7528BD252554EEBF008038A3 /* terrain */ = {
			isa = PBXGroup;
			children = (
				7528BD462555162E008038A3 /* BiomeType.h */,
				757E15572553C1890036AEB5 /* Biome.h */,
				75D897A72555283700EEDC00 /* TerrainShaderConfigData.h */,
				757E14FF25523B0D0036AEB5 /* TerrainShaderTypes.h */,
				75C4B4B52550062600F36372 /* TerrainShaders.metal */,
			);
			path = terrain;
			sourceTree = "<group>";
		};
		7528BD2E25550B06008038A3 /* util */ = {
			isa = PBXGroup;
			children = (
				757E14EC2551525D0036AEB5 /* Color.h */,
				757E14E9255151F50036AEB5 /* Color.metal */,
				7528BD382555102B008038A3 /* SimplexNoise.h */,
				7528BD3925551036008038A3 /* SimplexNoise.metal */,
			);
			path = util;
			sourceTree = "<group>";
		};
		7528BD5025552315008038A3 /* editableConfig */ = {
			isa = PBXGroup;
			children = (
				750F62C7255560C5004C9370 /* ConfigUpdateDelegate.swift */,
				7528BD4C255522F3008038A3 /* EditableConfigValue.swift */,
				750F62D425577289004C9370 /* EditableFBMConfigValues.swift */,
				750F62D025577005004C9370 /* EditableValuesStackView.swift */,
				750348D125589A750057D6A9 /* ConfigView.swift */,
			);
			path = editableConfig;
			sourceTree = "<group>";
		};
		757E15482552BE540036AEB5 /* gridGen */ = {
			isa = PBXGroup;
			children = (
				75B90874254B796A00231E39 /* GridTile.swift */,
				757E15312552A7350036AEB5 /* GridTileChunkDataProvider.swift */,
			);
			path = gridGen;
			sourceTree = "<group>";
		};
		75B2B744254B68FB00351DC8 /* macOS */ = {
			isa = PBXGroup;
			children = (
				75B2B747254B68FB00351DC8 /* Main.storyboard */,
				75B2B749254B68FB00351DC8 /* AppDelegate.swift */,
				757DF625254FA0FF005723D5 /* DebugDelegate.swift */,
				750348D42558A05F0057D6A9 /* GameControllerDelegate.swift */,
				7528BD122554E865008038A3 /* controllers */,
				7528BD152554E87C008038A3 /* views */,
				7528BD5025552315008038A3 /* editableConfig */,
			);
			path = macOS;
			sourceTree = "<group>";
		};
		75B2B75A254B6F6E00351DC8 /* config */ = {
			isa = PBXGroup;
			children = (
				75B2B745254B68FB00351DC8 /* GeneraMacOS.entitlements */,
				7503798F254A8538002A0C13 /* Assets.xcassets */,
				75B2B74A254B68FB00351DC8 /* Info.plist */,
			);
			path = config;
			sourceTree = "<group>";
		};
		75B2B761254B70C100351DC8 /* render */ = {
			isa = PBXGroup;
			children = (
				7503798D254A8537002A0C13 /* MapRenderer.swift */,
			);
			path = render;
			sourceTree = "<group>";
		};
		75C4B4AE254FE56600F36372 /* utility */ = {
			isa = PBXGroup;
			children = (
				75C4B4AF254FE57F00F36372 /* Logger.swift */,
			);
			path = utility;
			sourceTree = "<group>";
		};
		75D897AA25552BD200EEDC00 /* dataProviders */ = {
			isa = PBXGroup;
			children = (
				757E151F25528C5E0036AEB5 /* ChunkDataProtocol.swift */,
				75FA6D36254BF80D00A1B409 /* ChunkDataProvider.swift */,
				75D897AB25552C1A00EEDC00 /* ShaderConfigDataProtocol.swift */,
				75D897AF25552E8500EEDC00 /* ShaderDataProvider.swift */,
			);
			path = dataProviders;
			sourceTree = "<group>";
		};
		75FA6D54254CD8B500A1B409 /* chunks */ = {
			isa = PBXGroup;
			children = (
				75FA6D33254BF37400A1B409 /* Chunk.swift */,
				757E152B2552A6EC0036AEB5 /* DatedChunk.swift */,
				757E152E2552A7040036AEB5 /* CountedChunk.swift */,
				75FA6D30254BF07A00A1B409 /* ChunkCoordinatorDelegate.swift */,
				75B2B763254B71AC00351DC8 /* ChunkCoordinator.swift */,
			);
			path = chunks;
			sourceTree = "<group>";
		};
		75FA6D55254CD95400A1B409 /* data */ = {
			isa = PBXGroup;
			children = (
				757E151125525B750036AEB5 /* VertexProtocol.swift */,
				7528BD40255512A1008038A3 /* Biome+Defaults.swift */,
				7528BD43255514E0008038A3 /* BiomeType+Swift.swift */,
				7528BD4825551D58008038A3 /* DefaultTerrainData.swift */,
			);
			path = data;
			sourceTree = "<group>";
		};
		75FA6D58254CDB6A00A1B409 /* viewport */ = {
			isa = PBXGroup;
			children = (
				75FA6D43254C09F200A1B409 /* Direction.swift */,
				759E0009254E16FC004CF89F /* VectoredDirection.swift */,
				75FA6D7F254D3D7200A1B409 /* ZoomDirection.swift */,
				75FA6D3F254C098500A1B409 /* UserInteractionDelegate.swift */,
				75FA6D4F254C91CE00A1B409 /* ViewportDataProvider.swift */,
				75B90870254B747400231E39 /* ViewportCoordinator.swift */,
				757E15382552AD1A0036AEB5 /* ViewportCoordinatorDelegate.swift */,
			);
			path = viewport;
			sourceTree = "<group>";
		};
		75FA6D5E254CE20300A1B409 /* game */ = {
			isa = PBXGroup;
			children = (
				75FA6D5F254CE2A300A1B409 /* GameCoordinator.swift */,
				75FA6D55254CD95400A1B409 /* data */,
				75D897AA25552BD200EEDC00 /* dataProviders */,
				757E15482552BE540036AEB5 /* gridGen */,
				7528BD232554EE9B008038A3 /* terrainGen */,
				75FA6D54254CD8B500A1B409 /* chunks */,
				75FA6D58254CDB6A00A1B409 /* viewport */,
				75B2B761254B70C100351DC8 /* render */,
			);
			path = game;
			sourceTree = "<group>";
		};
/* End PBXGroup section */

/* Begin PBXNativeTarget section */
		75037993254A8538002A0C13 /* Genera */ = {
			isa = PBXNativeTarget;
			buildConfigurationList = 750379A6254A8538002A0C13 /* Build configuration list for PBXNativeTarget "Genera" */;
			buildPhases = (
				75037990254A8538002A0C13 /* Sources */,
				75037991254A8538002A0C13 /* Frameworks */,
				75037992254A8538002A0C13 /* Resources */,
			);
			buildRules = (
			);
			dependencies = (
			);
			name = Genera;
			packageProductDependencies = (
				757DF61D254F687F005723D5 /* SwiftPriorityQueue */,
			);
			productName = "Land macOS";
			productReference = 75037994254A8538002A0C13 /* Genera.app */;
			productType = "com.apple.product-type.application";
		};
/* End PBXNativeTarget section */

/* Begin PBXProject section */
		75037987254A8537002A0C13 /* Project object */ = {
			isa = PBXProject;
			attributes = {
				LastSwiftUpdateCheck = 1210;
				LastUpgradeCheck = 1210;
				TargetAttributes = {
					75037993254A8538002A0C13 = {
						CreatedOnToolsVersion = 12.1;
					};
				};
			};
			buildConfigurationList = 7503798A254A8537002A0C13 /* Build configuration list for PBXProject "Genera" */;
			compatibilityVersion = "Xcode 9.3";
			developmentRegion = en;
			hasScannedForEncodings = 0;
			knownRegions = (
				en,
				Base,
			);
			mainGroup = 75037986254A8537002A0C13;
			packageReferences = (
				757DF61C254F687F005723D5 /* XCRemoteSwiftPackageReference "SwiftPriorityQueue" */,
			);
			productRefGroup = 75037995254A8538002A0C13 /* Products */;
			projectDirPath = "";
			projectRoot = "";
			targets = (
				75037993254A8538002A0C13 /* Genera */,
			);
		};
/* End PBXProject section */

/* Begin PBXResourcesBuildPhase section */
		75037992254A8538002A0C13 /* Resources */ = {
			isa = PBXResourcesBuildPhase;
			buildActionMask = 2147483647;
			files = (
				75B2B74C254B68FB00351DC8 /* Main.storyboard in Resources */,
				750379A3254A8538002A0C13 /* Assets.xcassets in Resources */,
				750379A2254A8538002A0C13 /* SharedTypes.h in Resources */,
			);
			runOnlyForDeploymentPostprocessing = 0;
		};
/* End PBXResourcesBuildPhase section */

/* Begin PBXSourcesBuildPhase section */
		75037990254A8538002A0C13 /* Sources */ = {
			isa = PBXSourcesBuildPhase;
			buildActionMask = 2147483647;
			files = (
				750348D52558A05F0057D6A9 /* GameControllerDelegate.swift in Sources */,
				750F62D125577005004C9370 /* EditableValuesStackView.swift in Sources */,
				759EFFFC254DE361004CF89F /* InteractableViewProtocol.swift in Sources */,
				7528BD3A25551036008038A3 /* SimplexNoise.metal in Sources */,
				75FC2F91254FBA14008ABB3C /* GeneraWindowController.swift in Sources */,
				7528BD09255489D4008038A3 /* LabeledView.swift in Sources */,
				75D897B025552E8500EEDC00 /* ShaderDataProvider.swift in Sources */,
				750379A1254A8538002A0C13 /* MapRenderer.swift in Sources */,
				7528BD282554F119008038A3 /* GameViewController.swift in Sources */,
				75B90871254B747400231E39 /* ViewportCoordinator.swift in Sources */,
				75FA6D37254BF80D00A1B409 /* ChunkDataProvider.swift in Sources */,
				75FA6D3D254C06C600A1B409 /* InteractableMTKView.swift in Sources */,
				759E000A254E16FC004CF89F /* VectoredDirection.swift in Sources */,
				757E1550255331290036AEB5 /* TerrainTile.swift in Sources */,
				7528BD4925551D58008038A3 /* DefaultTerrainData.swift in Sources */,
				757E152F2552A7040036AEB5 /* CountedChunk.swift in Sources */,
				757DF626254FA0FF005723D5 /* DebugDelegate.swift in Sources */,
				757E152C2552A6EC0036AEB5 /* DatedChunk.swift in Sources */,
				7528BD44255514E0008038A3 /* BiomeType+Swift.swift in Sources */,
				75B90875254B796A00231E39 /* GridTile.swift in Sources */,
				7528BD4D255522F3008038A3 /* EditableConfigValue.swift in Sources */,
				757E154D2552C0130036AEB5 /* TerrainChunkDataProvider.swift in Sources */,
				7528BD0C25549013008038A3 /* SidePanelViewController.swift in Sources */,
				75FA6D50254C91CE00A1B409 /* ViewportDataProvider.swift in Sources */,
				75FA6D40254C098500A1B409 /* UserInteractionDelegate.swift in Sources */,
				750F62C8255560C5004C9370 /* ConfigUpdateDelegate.swift in Sources */,
				7528BCFD255472B4008038A3 /* TerrainConfigView.swift in Sources */,
				75FA6D80254D3D7200A1B409 /* ZoomDirection.swift in Sources */,
				75C4B4B62550062600F36372 /* TerrainShaders.metal in Sources */,
				75FA6D31254BF07A00A1B409 /* ChunkCoordinatorDelegate.swift in Sources */,
				7528BD41255512A1008038A3 /* Biome+Defaults.swift in Sources */,
				757E15392552AD1A0036AEB5 /* ViewportCoordinatorDelegate.swift in Sources */,
				757DF621254F90CB005723D5 /* DebugView.swift in Sources */,
				750379A0254A8538002A0C13 /* GridShaders.metal in Sources */,
				757E14EA255151F50036AEB5 /* Color.metal in Sources */,
				75B2B764254B71AD00351DC8 /* ChunkCoordinator.swift in Sources */,
				750348D225589A750057D6A9 /* ConfigView.swift in Sources */,
				75D897AC25552C1A00EEDC00 /* ShaderConfigDataProtocol.swift in Sources */,
				757E15322552A7350036AEB5 /* GridTileChunkDataProvider.swift in Sources */,
				75B2B74D254B68FB00351DC8 /* AppDelegate.swift in Sources */,
				75C4B4B0254FE57F00F36372 /* Logger.swift in Sources */,
				757E151225525B750036AEB5 /* VertexProtocol.swift in Sources */,
				75FA6D34254BF37400A1B409 /* Chunk.swift in Sources */,
				750F62D525577289004C9370 /* EditableFBMConfigValues.swift in Sources */,
				75FA6D60254CE2A300A1B409 /* GameCoordinator.swift in Sources */,
				75FA6D44254C09F200A1B409 /* Direction.swift in Sources */,
				7528BD0F2554E033008038A3 /* ScrollableStackView.swift in Sources */,
				757E152025528C5E0036AEB5 /* ChunkDataProtocol.swift in Sources */,
			);
			runOnlyForDeploymentPostprocessing = 0;
		};
/* End PBXSourcesBuildPhase section */

/* Begin PBXVariantGroup section */
		75B2B747254B68FB00351DC8 /* Main.storyboard */ = {
			isa = PBXVariantGroup;
			children = (
				75B2B748254B68FB00351DC8 /* Base */,
			);
			name = Main.storyboard;
			sourceTree = "<group>";
		};
/* End PBXVariantGroup section */

/* Begin XCBuildConfiguration section */
		750379A4254A8538002A0C13 /* Debug */ = {
			isa = XCBuildConfiguration;
			buildSettings = {
				ALWAYS_SEARCH_USER_PATHS = NO;
				CLANG_ANALYZER_NONNULL = YES;
				CLANG_ANALYZER_NUMBER_OBJECT_CONVERSION = YES_AGGRESSIVE;
				CLANG_CXX_LANGUAGE_STANDARD = "gnu++14";
				CLANG_CXX_LIBRARY = "libc++";
				CLANG_ENABLE_MODULES = YES;
				CLANG_ENABLE_OBJC_ARC = YES;
				CLANG_ENABLE_OBJC_WEAK = YES;
				CLANG_WARN_BLOCK_CAPTURE_AUTORELEASING = YES;
				CLANG_WARN_BOOL_CONVERSION = YES;
				CLANG_WARN_COMMA = YES;
				CLANG_WARN_CONSTANT_CONVERSION = YES;
				CLANG_WARN_DEPRECATED_OBJC_IMPLEMENTATIONS = YES;
				CLANG_WARN_DIRECT_OBJC_ISA_USAGE = YES_ERROR;
				CLANG_WARN_DOCUMENTATION_COMMENTS = YES;
				CLANG_WARN_EMPTY_BODY = YES;
				CLANG_WARN_ENUM_CONVERSION = YES;
				CLANG_WARN_INFINITE_RECURSION = YES;
				CLANG_WARN_INT_CONVERSION = YES;
				CLANG_WARN_NON_LITERAL_NULL_CONVERSION = YES;
				CLANG_WARN_OBJC_IMPLICIT_RETAIN_SELF = YES;
				CLANG_WARN_OBJC_LITERAL_CONVERSION = YES;
				CLANG_WARN_OBJC_ROOT_CLASS = YES_ERROR;
				CLANG_WARN_QUOTED_INCLUDE_IN_FRAMEWORK_HEADER = YES;
				CLANG_WARN_RANGE_LOOP_ANALYSIS = YES;
				CLANG_WARN_STRICT_PROTOTYPES = YES;
				CLANG_WARN_SUSPICIOUS_MOVE = YES;
				CLANG_WARN_UNGUARDED_AVAILABILITY = YES_AGGRESSIVE;
				CLANG_WARN_UNREACHABLE_CODE = YES;
				CLANG_WARN__DUPLICATE_METHOD_MATCH = YES;
				COPY_PHASE_STRIP = NO;
				DEBUG_INFORMATION_FORMAT = dwarf;
				ENABLE_STRICT_OBJC_MSGSEND = YES;
				ENABLE_TESTABILITY = YES;
				GCC_C_LANGUAGE_STANDARD = gnu11;
				GCC_DYNAMIC_NO_PIC = NO;
				GCC_NO_COMMON_BLOCKS = YES;
				GCC_OPTIMIZATION_LEVEL = 0;
				GCC_PREPROCESSOR_DEFINITIONS = (
					"DEBUG=1",
					"$(inherited)",
				);
				GCC_WARN_64_TO_32_BIT_CONVERSION = YES;
				GCC_WARN_ABOUT_RETURN_TYPE = YES_ERROR;
				GCC_WARN_UNDECLARED_SELECTOR = YES;
				GCC_WARN_UNINITIALIZED_AUTOS = YES_AGGRESSIVE;
				GCC_WARN_UNUSED_FUNCTION = YES;
				GCC_WARN_UNUSED_VARIABLE = YES;
				MTL_ENABLE_DEBUG_INFO = INCLUDE_SOURCE;
				MTL_FAST_MATH = YES;
				ONLY_ACTIVE_ARCH = YES;
				SWIFT_ACTIVE_COMPILATION_CONDITIONS = DEBUG;
				SWIFT_OPTIMIZATION_LEVEL = "-Onone";
			};
			name = Debug;
		};
		750379A5254A8538002A0C13 /* Release */ = {
			isa = XCBuildConfiguration;
			buildSettings = {
				ALWAYS_SEARCH_USER_PATHS = NO;
				CLANG_ANALYZER_NONNULL = YES;
				CLANG_ANALYZER_NUMBER_OBJECT_CONVERSION = YES_AGGRESSIVE;
				CLANG_CXX_LANGUAGE_STANDARD = "gnu++14";
				CLANG_CXX_LIBRARY = "libc++";
				CLANG_ENABLE_MODULES = YES;
				CLANG_ENABLE_OBJC_ARC = YES;
				CLANG_ENABLE_OBJC_WEAK = YES;
				CLANG_WARN_BLOCK_CAPTURE_AUTORELEASING = YES;
				CLANG_WARN_BOOL_CONVERSION = YES;
				CLANG_WARN_COMMA = YES;
				CLANG_WARN_CONSTANT_CONVERSION = YES;
				CLANG_WARN_DEPRECATED_OBJC_IMPLEMENTATIONS = YES;
				CLANG_WARN_DIRECT_OBJC_ISA_USAGE = YES_ERROR;
				CLANG_WARN_DOCUMENTATION_COMMENTS = YES;
				CLANG_WARN_EMPTY_BODY = YES;
				CLANG_WARN_ENUM_CONVERSION = YES;
				CLANG_WARN_INFINITE_RECURSION = YES;
				CLANG_WARN_INT_CONVERSION = YES;
				CLANG_WARN_NON_LITERAL_NULL_CONVERSION = YES;
				CLANG_WARN_OBJC_IMPLICIT_RETAIN_SELF = YES;
				CLANG_WARN_OBJC_LITERAL_CONVERSION = YES;
				CLANG_WARN_OBJC_ROOT_CLASS = YES_ERROR;
				CLANG_WARN_QUOTED_INCLUDE_IN_FRAMEWORK_HEADER = YES;
				CLANG_WARN_RANGE_LOOP_ANALYSIS = YES;
				CLANG_WARN_STRICT_PROTOTYPES = YES;
				CLANG_WARN_SUSPICIOUS_MOVE = YES;
				CLANG_WARN_UNGUARDED_AVAILABILITY = YES_AGGRESSIVE;
				CLANG_WARN_UNREACHABLE_CODE = YES;
				CLANG_WARN__DUPLICATE_METHOD_MATCH = YES;
				COPY_PHASE_STRIP = NO;
				DEBUG_INFORMATION_FORMAT = "dwarf-with-dsym";
				ENABLE_NS_ASSERTIONS = NO;
				ENABLE_STRICT_OBJC_MSGSEND = YES;
				GCC_C_LANGUAGE_STANDARD = gnu11;
				GCC_NO_COMMON_BLOCKS = YES;
				GCC_WARN_64_TO_32_BIT_CONVERSION = YES;
				GCC_WARN_ABOUT_RETURN_TYPE = YES_ERROR;
				GCC_WARN_UNDECLARED_SELECTOR = YES;
				GCC_WARN_UNINITIALIZED_AUTOS = YES_AGGRESSIVE;
				GCC_WARN_UNUSED_FUNCTION = YES;
				GCC_WARN_UNUSED_VARIABLE = YES;
				MTL_ENABLE_DEBUG_INFO = NO;
				MTL_FAST_MATH = YES;
				SWIFT_COMPILATION_MODE = wholemodule;
				SWIFT_OPTIMIZATION_LEVEL = "-O";
			};
			name = Release;
		};
		750379A7254A8538002A0C13 /* Debug */ = {
			isa = XCBuildConfiguration;
			buildSettings = {
				ASSETCATALOG_COMPILER_APPICON_NAME = AppIcon;
				ASSETCATALOG_COMPILER_GLOBAL_ACCENT_COLOR_NAME = AccentColor;
				CODE_SIGN_ENTITLEMENTS = config/GeneraMacOS.entitlements;
				CODE_SIGN_STYLE = Manual;
				COMBINE_HIDPI_IMAGES = YES;
				DEFINES_MODULE = YES;
				DEVELOPMENT_TEAM = "";
				ENABLE_HARDENED_RUNTIME = YES;
				INFOPLIST_FILE = config/Info.plist;
				LD_RUNPATH_SEARCH_PATHS = (
					"$(inherited)",
					"@executable_path/../Frameworks",
				);
				MACOSX_DEPLOYMENT_TARGET = 10.15;
				MTL_ENABLE_MODULES = NO;
				PRODUCT_BUNDLE_IDENTIFIER = me.dgattey.Genera;
				PRODUCT_NAME = Genera;
				PROVISIONING_PROFILE_SPECIFIER = "";
				SDKROOT = macosx;
				SWIFT_OBJC_BRIDGING_HEADER = metal/SharedTypes.h;
				SWIFT_VERSION = 5.0;
			};
			name = Debug;
		};
		750379A8254A8538002A0C13 /* Release */ = {
			isa = XCBuildConfiguration;
			buildSettings = {
				ASSETCATALOG_COMPILER_APPICON_NAME = AppIcon;
				ASSETCATALOG_COMPILER_GLOBAL_ACCENT_COLOR_NAME = AccentColor;
				CODE_SIGN_ENTITLEMENTS = config/GeneraMacOS.entitlements;
				CODE_SIGN_STYLE = Manual;
				COMBINE_HIDPI_IMAGES = YES;
				DEFINES_MODULE = YES;
				DEVELOPMENT_TEAM = "";
				ENABLE_HARDENED_RUNTIME = YES;
				INFOPLIST_FILE = config/Info.plist;
				LD_RUNPATH_SEARCH_PATHS = (
					"$(inherited)",
					"@executable_path/../Frameworks",
				);
				MACOSX_DEPLOYMENT_TARGET = 10.15;
				MTL_ENABLE_MODULES = NO;
				PRODUCT_BUNDLE_IDENTIFIER = me.dgattey.Genera;
				PRODUCT_NAME = Genera;
				PROVISIONING_PROFILE_SPECIFIER = "";
				SDKROOT = macosx;
				SWIFT_OBJC_BRIDGING_HEADER = metal/SharedTypes.h;
				SWIFT_VERSION = 5.0;
			};
			name = Release;
		};
/* End XCBuildConfiguration section */

/* Begin XCConfigurationList section */
		7503798A254A8537002A0C13 /* Build configuration list for PBXProject "Genera" */ = {
			isa = XCConfigurationList;
			buildConfigurations = (
				750379A4254A8538002A0C13 /* Debug */,
				750379A5254A8538002A0C13 /* Release */,
			);
			defaultConfigurationIsVisible = 0;
			defaultConfigurationName = Release;
		};
		750379A6254A8538002A0C13 /* Build configuration list for PBXNativeTarget "Genera" */ = {
			isa = XCConfigurationList;
			buildConfigurations = (
				750379A7254A8538002A0C13 /* Debug */,
				750379A8254A8538002A0C13 /* Release */,
			);
			defaultConfigurationIsVisible = 0;
			defaultConfigurationName = Release;
		};
/* End XCConfigurationList section */

/* Begin XCRemoteSwiftPackageReference section */
		757DF61C254F687F005723D5 /* XCRemoteSwiftPackageReference "SwiftPriorityQueue" */ = {
			isa = XCRemoteSwiftPackageReference;
			repositoryURL = "https://github.com/davecom/SwiftPriorityQueue";
			requirement = {
				kind = upToNextMajorVersion;
				minimumVersion = 1.3.1;
			};
		};
/* End XCRemoteSwiftPackageReference section */

/* Begin XCSwiftPackageProductDependency section */
		757DF61D254F687F005723D5 /* SwiftPriorityQueue */ = {
			isa = XCSwiftPackageProductDependency;
			package = 757DF61C254F687F005723D5 /* XCRemoteSwiftPackageReference "SwiftPriorityQueue" */;
			productName = SwiftPriorityQueue;
		};
/* End XCSwiftPackageProductDependency section */
	};
	rootObject = 75037987254A8537002A0C13 /* Project object */;
}
